
Microsoft Visual Studio Solution File, Format Version 12.00
# Visual Studio Version 17
VisualStudioVersion = 17.14.37027.9
MinimumVisualStudioVersion = 10.0.40219.1
Project("{FAE04EC0-301F-11D3-BF4B-00C04F79EFBC}") = "alilexba_backend", "alilexba_backend\alilexba_backend.csproj", "{7ECB0229-F171-082B-6E2A-8230845E8D98}"
EndProject
Global
	GlobalSection(SolutionConfigurationPlatforms) = preSolution
		Debug|Any CPU = Debug|Any CPU
		Release|Any CPU = Release|Any CPU
	EndGlobalSection
	GlobalSection(ProjectConfigurationPlatforms) = postSolution
		{7ECB0229-F171-082B-6E2A-8230845E8D98}.Debug|Any CPU.ActiveCfg = Debug|Any CPU
		{7ECB0229-F171-082B-6E2A-8230845E8D98}.Debug|Any CPU.Build.0 = Debug|Any CPU
		{7ECB0229-F171-082B-6E2A-8230845E8D98}.Release|Any CPU.ActiveCfg = Release|Any CPU
		{7ECB0229-F171-082B-6E2A-8230845E8D98}.Release|Any CPU.Build.0 = Release|Any CPU
	EndGlobalSection
	GlobalSection(SolutionProperties) = preSolution
		HideSolutionNode = FALSE
	EndGlobalSection
	GlobalSection(ExtensibilityGlobals) = postSolution
		SolutionGuid = {C7C2E8EA-30C4-454D-9E06-8F4EFF7817F0}
	EndGlobalSection
EndGlobal
